dependencies:
- name: app-template
  repository: https://bjw-s-labs.github.io/helm-charts
  version: 4.2.0
- name: app-template
  repository: https://bjw-s-labs.github.io/helm-charts
  version: 4.2.0
- name: mongodb
  repository: https://charts.bitnami.com/bitnami
  version: 16.5.40
- name: redis
  repository: https://charts.bitnami.com/bitnami
  version: 22.0.1
digest: sha256:06b3f4ff19a72b873fefb0949d805c4aeab8649557b77a392d22b8601ff2997b
generated: "2025-08-11T10:06:32.01744758Z"
